
Microsoft Visual Studio Solution File, Format Version 12.00
# Visual Studio Version 16
VisualStudioVersion = 16.0.31424.327
MinimumVisualStudioVersion = 10.0.40219.1
Project("{FAE04EC0-301F-11D3-BF4B-00C04F79EFBC}") = "bot-twitch-net", "bot-twitch-net\bot-twitch-net.csproj", "{94BB64C8-5D10-4D83-8BA2-931B8639D956}"
EndProject
Global
	GlobalSection(SolutionConfigurationPlatforms) = preSolution
		Debug|Any CPU = Debug|Any CPU
		Release|Any CPU = Release|Any CPU
	EndGlobalSection
	GlobalSection(ProjectConfigurationPlatforms) = postSolution
		{94BB64C8-5D10-4D83-8BA2-931B8639D956}.Debug|Any CPU.ActiveCfg = Debug|Any CPU
		{94BB64C8-5D10-4D83-8BA2-931B8639D956}.Debug|Any CPU.Build.0 = Debug|Any CPU
		{94BB64C8-5D10-4D83-8BA2-931B8639D956}.Release|Any CPU.ActiveCfg = Release|Any CPU
		{94BB64C8-5D10-4D83-8BA2-931B8639D956}.Release|Any CPU.Build.0 = Release|Any CPU
	EndGlobalSection
	GlobalSection(SolutionProperties) = preSolution
		HideSolutionNode = FALSE
	EndGlobalSection
	GlobalSection(ExtensibilityGlobals) = postSolution
		SolutionGuid = {49CCE490-EC29-4CA2-9243-E0B3D5A7B5A6}
	EndGlobalSection
EndGlobal
